github.com/BurntSushi/toml v0.3.1 h1:WXkYYl6Yr3qBf1K79EBnL4mak0OimBfB0XUf9Vl28OQ=
github.com/BurntSushi/toml v0.3.1/go.mod h1:xHWCNGjB5oqiDr8zfno3MHue2Ht5sIBksp03qcyfWMU=
github.com/dinhnguyen138/tcp_server v0.0.0-20190318133439-8c2202751d32 h1:HAWPcrYF4oVLVmK4C0Xm1lXmCcnzI60GMP3Hp7ARPdc=
github.com/dinhnguyen138/tcp_server v0.0.0-20190318133439-8c2202751d32/go.mod h1:BpcarLUCKitrzjKjZYBGP7wioA6AeREE38Fo4LKAyWc=
github.com/dinhnguyen138/tcp_server v0.0.0-20190318151654-1e82537d8565 h1:R250paNcYvhn7a9LsGmWMOioCldNzgSMWTnxOEgO24Q=
github.com/dinhnguyen138/tcp_server v0.0.0-20190318151654-1e82537d8565/go.mod h1:BpcarLUCKitrzjKjZYBGP7wioA6AeREE38Fo4LKAyWc=
github.com/firstrow/tcp_server v0.0.0-20180905125330-662e42594111 h1:J6Mysq6eXdX0rrxrJOsLkyOwMp7W6GhEccQmhkKcuvo=
github.com/firstrow/tcp_server v0.0.0-20180905125330-662e42594111/go.mod h1:hGkv6sO57ZC+XrSTyzdIGXX7+O6S3RJb9G8sPopEF/4=
github.com/firstrow/tcp_server v0.0.0-20190322134511-4fb11c212c9f h1:YFiv7o5pyntO7QthHG0cfDDTJV3nCJ0pdAmMhT79E5U=
github.com/firstrow/tcp_server v0.0.0-20190322134511-4fb11c212c9f/go.mod h1:hGkv6sO57ZC+XrSTyzdIGXX7+O6S3RJb9G8sPopEF/4=
github.com/kataras/golog v0.0.0-20180321173939-03be10146386 h1:VT6AeCHO/mc+VedKBMhoqb5eAK8B1i9F6nZl7EGlHvA=
github.com/kataras/golog v0.0.0-20180321173939-03be10146386/go.mod h1:PcaEvfvhGsqwXZ6S3CgCbmjcp+4UDUh2MIfF2ZEul8M=
github.com/kataras/pio v0.0.0-20190103105442-ea782b38602d h1:V5Rs9ztEWdp58oayPq/ulmlqJJZeJP6pP79uP3qjcao=
github.com/kataras/pio v0.0.0-20190103105442-ea782b38602d/go.mod h1:NV88laa9UiiDuX9AhMbDPkGYSPugBOV6yTZB1l2K9Z0=
github.com/lib/pq v1.0.0 h1:X5PMW56eZitiTeO7tKzZxFCSpbFZJtkMMooicw2us9A=
github.com/lib/pq v1.0.0/go.mod h1:5WUZQaWbwv1U+lTReE5YruASi9Al49XbQIvNi/34Woo=
github.com/mitchellh/go-homedir v1.1.0 h1:lukF9ziXFxDFPkA1vsr5zpc1XuPDn/wFntq5mG+4E0Y=
github.com/mitchellh/go-homedir v1.1.0/go.mod h1:SfyaCUpYCn1Vlf4IUYiD9fPX4A5wJrkLzIz1N1q0pr0=
github.com/natefinch/lumberjack v2.0.0+incompatible h1:4QJd3OLAMgj7ph+yZTuX13Ld4UpgHp07nNdFX7mqFfM=
github.com/natefinch/lumberjack v2.0.0+incompatible/go.mod h1:Wi9p2TTF5DG5oU+6YfsmYQpsTIOm0B1VNzQg9Mw6nPk=
github.com/sparrc/go-ping v0.0.0-20181106165434-ef3ab45e41b0 h1:mu7brOsdaH5Dqf93vdch+mr/0To8Sgc+yInt/jE/RJM=
github.com/sparrc/go-ping v0.0.0-20181106165434-ef3ab45e41b0/go.mod h1:eMyUVp6f/5jnzM+3zahzl7q6UXLbgSc3MKg/+ow9QW0=
golang.org/x/crypto v0.0.0-20190308221718-c2843e01d9a2/go.mod h1:djNgcEr1/C05ACkg1iLfiJU5Ep61QUkGW8qpdssI0+w=
golang.org/x/net v0.0.0-20190313082753-5c2c250b6a70 h1:0OwHPyvXNyZS9VW4XXoGkWOwhrMN52Y4n/gSxvJOgj0=
golang.org/x/net v0.0.0-20190313082753-5c2c250b6a70/go.mod h1:t9HGtf8HONx5eT2rtn7q6eTqICYqUVnKs3thJo3Qplg=
golang.org/x/sys v0.0.0-20190215142949-d0b11bdaac8a/go.mod h1:STP8DvDyc/dI5b8T5hshtkjS+E42TnysNCUPdjciGhY=
golang.org/x/text v0.3.0/go.mod h1:NqM8EUOU14njkJ3fqMW+pc6Ldnwhi/IjpwHt7yyuwOQ=
gopkg.in/check.v1 v0.0.0-20161208181325-20d25e280405/go.mod h1:Co6ibVJAznAaIkqp8huTwlJQCZ016jof/cbN4VW5Yz0=
gopkg.in/natefinch/lumberjack.v2 v2.0.0 h1:1Lc07Kr7qY4U2YPouBjpCLxpiyxIVoxqXgkXLknAOE8=
gopkg.in/natefinch/lumberjack.v2 v2.0.0/go.mod h1:l0ndWWf7gzL7RNwBG7wST/UCcT4T24xpD6X8LsfU/+k=
gopkg.in/yaml.v2 v2.2.2 h1:ZCJp+EgiOT7lHqUV2J862kp8Qj64Jo6az82+3Td9dZw=
gopkg.in/yaml.v2 v2.2.2/go.mod h1:hI93XBmqTisBFMUTm0b8Fm+jr3Dg1NNxqwp+5A1VGuI=
